
Microsoft Visual Studio Solution File, Format Version 12.00
# Visual Studio Version 17
VisualStudioVersion = 17.13.35825.156 d17.13
MinimumVisualStudioVersion = 10.0.40219.1
Project("{888888A0-9F3D-457C-B088-3A5042F75D52}") = "file-system-info", "file-system-info.pyproj", "{A5DF11EA-CE9F-49AC-A485-8E94A84C678E}"
EndProject
Global
	GlobalSection(SolutionConfigurationPlatforms) = preSolution
		Debug|Any CPU = Debug|Any CPU
		Release|Any CPU = Release|Any CPU
	EndGlobalSection
	GlobalSection(ProjectConfigurationPlatforms) = postSolution
		{A5DF11EA-CE9F-49AC-A485-8E94A84C678E}.Debug|Any CPU.ActiveCfg = Debug|Any CPU
		{A5DF11EA-CE9F-49AC-A485-8E94A84C678E}.Release|Any CPU.ActiveCfg = Release|Any CPU
	EndGlobalSection
	GlobalSection(SolutionProperties) = preSolution
		HideSolutionNode = FALSE
	EndGlobalSection
	GlobalSection(ExtensibilityGlobals) = postSolution
		SolutionGuid = {6AEA4EB6-F25C-440C-80A8-846C61D9CDE7}
	EndGlobalSection
EndGlobal
